
Microsoft Visual Studio Solution File, Format Version 12.00
# Visual Studio Version 17
VisualStudioVersion = 17.11.35219.272
MinimumVisualStudioVersion = 10.0.40219.1
Project("{FAE04EC0-301F-11D3-BF4B-00C04F79EFBC}") = "Hilos", "Hilos\Hilos.csproj", "{3FFFB958-D887-43D9-A718-6BE193A11953}"
EndProject
Global
	GlobalSection(SolutionConfigurationPlatforms) = preSolution
		Debug|Any CPU = Debug|Any CPU
		Release|Any CPU = Release|Any CPU
	EndGlobalSection
	GlobalSection(ProjectConfigurationPlatforms) = postSolution
		{3FFFB958-D887-43D9-A718-6BE193A11953}.Debug|Any CPU.ActiveCfg = Debug|Any CPU
		{3FFFB958-D887-43D9-A718-6BE193A11953}.Debug|Any CPU.Build.0 = Debug|Any CPU
		{3FFFB958-D887-43D9-A718-6BE193A11953}.Release|Any CPU.ActiveCfg = Release|Any CPU
		{3FFFB958-D887-43D9-A718-6BE193A11953}.Release|Any CPU.Build.0 = Release|Any CPU
	EndGlobalSection
	GlobalSection(SolutionProperties) = preSolution
		HideSolutionNode = FALSE
	EndGlobalSection
	GlobalSection(ExtensibilityGlobals) = postSolution
		SolutionGuid = {FE7BF21A-2352-4A35-8BFF-B0EB0ED7E641}
	EndGlobalSection
EndGlobal
